
Microsoft Visual Studio Solution File, Format Version 11.00
# Visual Studio 2010
Project("{FAE04EC0-301F-11D3-BF4B-00C04F79EFBC}") = "SimpleAddin", "SimpleAddin\SimpleAddin.csproj", "{DE0C62A3-3B17-4D95-8B02-149988F62417}"
EndProject
Global
	GlobalSection(SolutionConfigurationPlatforms) = preSolution
		Debug|Any CPU = Debug|Any CPU
		Release|Any CPU = Release|Any CPU
	EndGlobalSection
	GlobalSection(ProjectConfigurationPlatforms) = postSolution
		{DE0C62A3-3B17-4D95-8B02-149988F62417}.Debug|Any CPU.ActiveCfg = Debug|Any CPU
		{DE0C62A3-3B17-4D95-8B02-149988F62417}.Debug|Any CPU.Build.0 = Debug|Any CPU
		{DE0C62A3-3B17-4D95-8B02-149988F62417}.Release|Any CPU.ActiveCfg = Release|Any CPU
		{DE0C62A3-3B17-4D95-8B02-149988F62417}.Release|Any CPU.Build.0 = Release|Any CPU
	EndGlobalSection
	GlobalSection(SolutionProperties) = preSolution
		HideSolutionNode = FALSE
	EndGlobalSection
EndGlobal
